
Microsoft Visual Studio Solution File, Format Version 12.00
# Visual Studio Version 16
VisualStudioVersion = 16.0.29519.87
MinimumVisualStudioVersion = 10.0.40219.1
Project("{FAE04EC0-301F-11D3-BF4B-00C04F79EFBC}") = "Marketplace", "Marketplace\Marketplace.csproj", "{31F1FEC3-C252-43B1-954E-70F2F9BB0FBF}"
EndProject
Project("{FAE04EC0-301F-11D3-BF4B-00C04F79EFBC}") = "Marketplace.Domain", "Marketplace.Domain\Marketplace.Domain.csproj", "{6A4FE186-AF71-4D77-A229-01788232E225}"
EndProject
Project("{FAE04EC0-301F-11D3-BF4B-00C04F79EFBC}") = "Marketplace.Tests", "Marketplace.Tests\Marketplace.Tests.csproj", "{87EAEABB-21A1-4A05-ACEE-6860EFD1357D}"
EndProject
Project("{FAE04EC0-301F-11D3-BF4B-00C04F79EFBC}") = "Marketplace.Framework", "Marketplace.Framework\Marketplace.Framework.csproj", "{AA0DBA12-2010-4E09-A4EC-7CAAE5A7E049}"
EndProject
Global
	GlobalSection(SolutionConfigurationPlatforms) = preSolution
		Debug|Any CPU = Debug|Any CPU
		Release|Any CPU = Release|Any CPU
	EndGlobalSection
	GlobalSection(ProjectConfigurationPlatforms) = postSolution
		{31F1FEC3-C252-43B1-954E-70F2F9BB0FBF}.Debug|Any CPU.ActiveCfg = Debug|Any CPU
		{31F1FEC3-C252-43B1-954E-70F2F9BB0FBF}.Debug|Any CPU.Build.0 = Debug|Any CPU
		{31F1FEC3-C252-43B1-954E-70F2F9BB0FBF}.Release|Any CPU.ActiveCfg = Release|Any CPU
		{31F1FEC3-C252-43B1-954E-70F2F9BB0FBF}.Release|Any CPU.Build.0 = Release|Any CPU
		{6A4FE186-AF71-4D77-A229-01788232E225}.Debug|Any CPU.ActiveCfg = Debug|Any CPU
		{6A4FE186-AF71-4D77-A229-01788232E225}.Debug|Any CPU.Build.0 = Debug|Any CPU
		{6A4FE186-AF71-4D77-A229-01788232E225}.Release|Any CPU.ActiveCfg = Release|Any CPU
		{6A4FE186-AF71-4D77-A229-01788232E225}.Release|Any CPU.Build.0 = Release|Any CPU
		{87EAEABB-21A1-4A05-ACEE-6860EFD1357D}.Debug|Any CPU.ActiveCfg = Debug|Any CPU
		{87EAEABB-21A1-4A05-ACEE-6860EFD1357D}.Debug|Any CPU.Build.0 = Debug|Any CPU
		{87EAEABB-21A1-4A05-ACEE-6860EFD1357D}.Release|Any CPU.ActiveCfg = Release|Any CPU
		{87EAEABB-21A1-4A05-ACEE-6860EFD1357D}.Release|Any CPU.Build.0 = Release|Any CPU
		{AA0DBA12-2010-4E09-A4EC-7CAAE5A7E049}.Debug|Any CPU.ActiveCfg = Debug|Any CPU
		{AA0DBA12-2010-4E09-A4EC-7CAAE5A7E049}.Debug|Any CPU.Build.0 = Debug|Any CPU
		{AA0DBA12-2010-4E09-A4EC-7CAAE5A7E049}.Release|Any CPU.ActiveCfg = Release|Any CPU
		{AA0DBA12-2010-4E09-A4EC-7CAAE5A7E049}.Release|Any CPU.Build.0 = Release|Any CPU
	EndGlobalSection
	GlobalSection(SolutionProperties) = preSolution
		HideSolutionNode = FALSE
	EndGlobalSection
	GlobalSection(ExtensibilityGlobals) = postSolution
		SolutionGuid = {5EB7A409-604B-4AA7-A13D-CBE3059DCEB1}
	EndGlobalSection
EndGlobal
